
Microsoft Visual Studio Solution File, Format Version 12.00
# Visual Studio Version 17
VisualStudioVersion = 17.14.36301.6 d17.14
MinimumVisualStudioVersion = 10.0.40219.1
Project("{FAE04EC0-301F-11D3-BF4B-00C04F79EFBC}") = "GestionEstudiantesMaterias", "GestionEstudiantesMaterias\GestionEstudiantesMaterias.csproj", "{B592AA3F-2A32-40DD-94CA-558976226AFD}"
EndProject
Global
	GlobalSection(SolutionConfigurationPlatforms) = preSolution
		Debug|Any CPU = Debug|Any CPU
		Release|Any CPU = Release|Any CPU
	EndGlobalSection
	GlobalSection(ProjectConfigurationPlatforms) = postSolution
		{B592AA3F-2A32-40DD-94CA-558976226AFD}.Debug|Any CPU.ActiveCfg = Debug|Any CPU
		{B592AA3F-2A32-40DD-94CA-558976226AFD}.Debug|Any CPU.Build.0 = Debug|Any CPU
		{B592AA3F-2A32-40DD-94CA-558976226AFD}.Release|Any CPU.ActiveCfg = Release|Any CPU
		{B592AA3F-2A32-40DD-94CA-558976226AFD}.Release|Any CPU.Build.0 = Release|Any CPU
	EndGlobalSection
	GlobalSection(SolutionProperties) = preSolution
		HideSolutionNode = FALSE
	EndGlobalSection
	GlobalSection(ExtensibilityGlobals) = postSolution
		SolutionGuid = {A8277A7F-6833-47ED-BBEB-5992C382A311}
	EndGlobalSection
EndGlobal
